[[package]]
name = "box"
version = "0.1.0"

[[package]]
name = "cell"
version = "0.1.0"

[[package]]
name = "closures"
version = "0.1.0"

[[package]]
name = "enums"
version = "0.1.0"

[[package]]
name = "error"
version = "0.1.0"

[[package]]
name = "functions"
version = "0.1.0"

[[package]]
name = "generics"
version = "0.1.0"

[[package]]
name = "hash-maps"
version = "0.1.0"

[[package]]
name = "hw"
version = "0.1.0"

[[package]]
name = "largest-number"
version = "0.1.0"

[[package]]
name = "lib-structure"
version = "0.1.0"

[[package]]
name = "lifetimes"
version = "0.1.0"

[[package]]
name = "map"
version = "0.1.0"

[[package]]
name = "match"
version = "0.1.0"

[[package]]
name = "operators"
version = "0.1.0"

[[package]]
name = "options"
version = "0.1.0"

[[package]]
name = "public-private"
version = "0.1.0"

[[package]]
name = "rc"
version = "0.1.0"

[[package]]
name = "rectangles"
version = "0.1.0"

[[package]]
name = "strings"
version = "0.1.0"

[[package]]
name = "traits"
version = "0.1.0"

[[package]]
name = "unsafe"
version = "0.1.0"

[[package]]
name = "vector"
version = "0.1.0"

